// !$*UTF8*$!
{
	archiveVersion = 1;
	classes = {
	};
	objectVersion = 46;
	objects = {

/* Begin PBXBuildFile section */
		FA7055601CE4CCF40056D00B /* DetailViewController.swift in Sources */ = {isa = PBXBuildFile; fileRef = FA70555F1CE4CCF40056D00B /* DetailViewController.swift */; };
		FA7073871CD0F01F00E375A7 /* Fabric.framework in Frameworks */ = {isa = PBXBuildFile; fileRef = FA7073851CD0F01F00E375A7 /* Fabric.framework */; };
		FA7073881CD0F01F00E375A7 /* Answers.framework in Frameworks */ = {isa = PBXBuildFile; fileRef = FA7073861CD0F01F00E375A7 /* Answers.framework */; };
		FAD72D681CCE8EDD00A703E8 /* ItemCell.swift in Sources */ = {isa = PBXBuildFile; fileRef = FAD72D671CCE8EDD00A703E8 /* ItemCell.swift */; };
		FAEB879B1CBC1282006BA36F /* AppDelegate.swift in Sources */ = {isa = PBXBuildFile; fileRef = FAEB879A1CBC1282006BA36F /* AppDelegate.swift */; };
		FAEB87A01CBC1282006BA36F /* Main.storyboard in Resources */ = {isa = PBXBuildFile; fileRef = FAEB879E1CBC1282006BA36F /* Main.storyboard */; };
		FAEB87A21CBC1282006BA36F /* Assets.xcassets in Resources */ = {isa = PBXBuildFile; fileRef = FAEB87A11CBC1282006BA36F /* Assets.xcassets */; };
		FAEB87A51CBC1282006BA36F /* LaunchScreen.storyboard in Resources */ = {isa = PBXBuildFile; fileRef = FAEB87A31CBC1282006BA36F /* LaunchScreen.storyboard */; };
		FAEB87AD1CBC139D006BA36F /* ItemsViewController.swift in Sources */ = {isa = PBXBuildFile; fileRef = FAEB87AC1CBC139D006BA36F /* ItemsViewController.swift */; };
		FAEB87AF1CBC15B4006BA36F /* Item.swift in Sources */ = {isa = PBXBuildFile; fileRef = FAEB87AE1CBC15B4006BA36F /* Item.swift */; };
		FAEB87B11CBC1C39006BA36F /* ItemStore.swift in Sources */ = {isa = PBXBuildFile; fileRef = FAEB87B01CBC1C39006BA36F /* ItemStore.swift */; };
/* End PBXBuildFile section */

/* Begin PBXFileReference section */
		FA70555F1CE4CCF40056D00B /* DetailViewController.swift */ = {isa = PBXFileReference; fileEncoding = 4; lastKnownFileType = sourcecode.swift; path = DetailViewController.swift; sourceTree = "<group>"; };
		FA7073851CD0F01F00E375A7 /* Fabric.framework */ = {isa = PBXFileReference; lastKnownFileType = wrapper.framework; path = Fabric.framework; sourceTree = "<group>"; };
		FA7073861CD0F01F00E375A7 /* Answers.framework */ = {isa = PBXFileReference; lastKnownFileType = wrapper.framework; path = Answers.framework; sourceTree = "<group>"; };
		FAD72D671CCE8EDD00A703E8 /* ItemCell.swift */ = {isa = PBXFileReference; fileEncoding = 4; lastKnownFileType = sourcecode.swift; path = ItemCell.swift; sourceTree = "<group>"; };
		FAEB87971CBC1282006BA36F /* Homeowner.app */ = {isa = PBXFileReference; explicitFileType = wrapper.application; includeInIndex = 0; path = Homeowner.app; sourceTree = BUILT_PRODUCTS_DIR; };
		FAEB879A1CBC1282006BA36F /* AppDelegate.swift */ = {isa = PBXFileReference; lastKnownFileType = sourcecode.swift; path = AppDelegate.swift; sourceTree = "<group>"; };
		FAEB879F1CBC1282006BA36F /* Base */ = {isa = PBXFileReference; lastKnownFileType = file.storyboard; name = Base; path = Base.lproj/Main.storyboard; sourceTree = "<group>"; };
		FAEB87A11CBC1282006BA36F /* Assets.xcassets */ = {isa = PBXFileReference; lastKnownFileType = folder.assetcatalog; path = Assets.xcassets; sourceTree = "<group>"; };
		FAEB87A41CBC1282006BA36F /* Base */ = {isa = PBXFileReference; lastKnownFileType = file.storyboard; name = Base; path = Base.lproj/LaunchScreen.storyboard; sourceTree = "<group>"; };
		FAEB87A61CBC1282006BA36F /* Info.plist */ = {isa = PBXFileReference; lastKnownFileType = text.plist.xml; path = Info.plist; sourceTree = "<group>"; };
		FAEB87AC1CBC139D006BA36F /* ItemsViewController.swift */ = {isa = PBXFileReference; fileEncoding = 4; lastKnownFileType = sourcecode.swift; path = ItemsViewController.swift; sourceTree = "<group>"; };
		FAEB87AE1CBC15B4006BA36F /* Item.swift */ = {isa = PBXFileReference; fileEncoding = 4; lastKnownFileType = sourcecode.swift; path = Item.swift; sourceTree = "<group>"; };
		FAEB87B01CBC1C39006BA36F /* ItemStore.swift */ = {isa = PBXFileReference; fileEncoding = 4; lastKnownFileType = sourcecode.swift; path = ItemStore.swift; sourceTree = "<group>"; };
/* End PBXFileReference section */

/* Begin PBXFrameworksBuildPhase section */
		FAEB87941CBC1282006BA36F /* Frameworks */ = {
			isa = PBXFrameworksBuildPhase;
			buildActionMask = 2147483647;
			files = (
				FA7073881CD0F01F00E375A7 /* Answers.framework in Frameworks */,
				FA7073871CD0F01F00E375A7 /* Fabric.framework in Frameworks */,
			);
			runOnlyForDeploymentPostprocessing = 0;
		};
/* End PBXFrameworksBuildPhase section */

/* Begin PBXGroup section */
		FAEB878E1CBC1282006BA36F = {
			isa = PBXGroup;
			children = (
				FAEB87991CBC1282006BA36F /* Homeowner */,
				FAEB87981CBC1282006BA36F /* Products */,
			);
			sourceTree = "<group>";
		};
		FAEB87981CBC1282006BA36F /* Products */ = {
			isa = PBXGroup;
			children = (
				FAEB87971CBC1282006BA36F /* Homeowner.app */,
			);
			name = Products;
			sourceTree = "<group>";
		};
		FAEB87991CBC1282006BA36F /* Homeowner */ = {
			isa = PBXGroup;
			children = (
				FAEB879A1CBC1282006BA36F /* AppDelegate.swift */,
				FAEB879E1CBC1282006BA36F /* Main.storyboard */,
				FAEB87AE1CBC15B4006BA36F /* Item.swift */,
				FAEB87B01CBC1C39006BA36F /* ItemStore.swift */,
				FAEB87AC1CBC139D006BA36F /* ItemsViewController.swift */,
				FA70555F1CE4CCF40056D00B /* DetailViewController.swift */,
				FAD72D671CCE8EDD00A703E8 /* ItemCell.swift */,
				FAEB87A11CBC1282006BA36F /* Assets.xcassets */,
				FAEB87A31CBC1282006BA36F /* LaunchScreen.storyboard */,
				FAEB87A61CBC1282006BA36F /* Info.plist */,
				FA7073851CD0F01F00E375A7 /* Fabric.framework */,
				FA7073861CD0F01F00E375A7 /* Answers.framework */,
			);
			path = Homeowner;
			sourceTree = "<group>";
		};
/* End PBXGroup section */

/* Begin PBXNativeTarget section */
		FAEB87961CBC1282006BA36F /* Homeowner */ = {
			isa = PBXNativeTarget;
			buildConfigurationList = FAEB87A91CBC1282006BA36F /* Build configuration list for PBXNativeTarget "Homeowner" */;
			buildPhases = (
				FAEB87931CBC1282006BA36F /* Sources */,
				FAEB87941CBC1282006BA36F /* Frameworks */,
				FAEB87951CBC1282006BA36F /* Resources */,
				FA7073831CD0EFBD00E375A7 /* ShellScript */,
			);
			buildRules = (
			);
			dependencies = (
			);
			name = Homeowner;
			productName = Homeowner;
			productReference = FAEB87971CBC1282006BA36F /* Homeowner.app */;
			productType = "com.apple.product-type.application";
		};
/* End PBXNativeTarget section */

/* Begin PBXProject section */
		FAEB878F1CBC1282006BA36F /* Project object */ = {
			isa = PBXProject;
			attributes = {
				LastSwiftUpdateCheck = 0710;
				LastUpgradeCheck = 0710;
				ORGANIZATIONNAME = SHP;
				TargetAttributes = {
					FAEB87961CBC1282006BA36F = {
						CreatedOnToolsVersion = 7.1;
					};
				};
			};
			buildConfigurationList = FAEB87921CBC1282006BA36F /* Build configuration list for PBXProject "Homeowner" */;
			compatibilityVersion = "Xcode 3.2";
			developmentRegion = English;
			hasScannedForEncodings = 0;
			knownRegions = (
				en,
				Base,
			);
			mainGroup = FAEB878E1CBC1282006BA36F;
			productRefGroup = FAEB87981CBC1282006BA36F /* Products */;
			projectDirPath = "";
			projectRoot = "";
			targets = (
				FAEB87961CBC1282006BA36F /* Homeowner */,
			);
		};
/* End PBXProject section */

/* Begin PBXResourcesBuildPhase section */
		FAEB87951CBC1282006BA36F /* Resources */ = {
			isa = PBXResourcesBuildPhase;
			buildActionMask = 2147483647;
			files = (
				FAEB87A51CBC1282006BA36F /* LaunchScreen.storyboard in Resources */,
				FAEB87A21CBC1282006BA36F /* Assets.xcassets in Resources */,
				FAEB87A01CBC1282006BA36F /* Main.storyboard in Resources */,
			);
			runOnlyForDeploymentPostprocessing = 0;
		};
/* End PBXResourcesBuildPhase section */

/* Begin PBXShellScriptBuildPhase section */
		FA7073831CD0EFBD00E375A7 /* ShellScript */ = {
			isa = PBXShellScriptBuildPhase;
			buildActionMask = 2147483647;
			files = (
			);
			inputPaths = (
			);
			outputPaths = (
			);
			runOnlyForDeploymentPostprocessing = 0;
			shellPath = /bin/sh;
			shellScript = "./Fabric.framework/run b7cd02ca1403c5d3fa11e3bf454efa27752215ed 4cd45286540a9b2a4fe485af26e38503cc8e5b1306c7d408e6cdc8f46c9743d8\n";
		};
/* End PBXShellScriptBuildPhase section */

/* Begin PBXSourcesBuildPhase section */
		FAEB87931CBC1282006BA36F /* Sources */ = {
			isa = PBXSourcesBuildPhase;
			buildActionMask = 2147483647;
			files = (
				FAEB87AD1CBC139D006BA36F /* ItemsViewController.swift in Sources */,
				FAEB87AF1CBC15B4006BA36F /* Item.swift in Sources */,
				FAEB87B11CBC1C39006BA36F /* ItemStore.swift in Sources */,
				FA7055601CE4CCF40056D00B /* DetailViewController.swift in Sources */,
				FAEB879B1CBC1282006BA36F /* AppDelegate.swift in Sources */,
				FAD72D681CCE8EDD00A703E8 /* ItemCell.swift in Sources */,
			);
			runOnlyForDeploymentPostprocessing = 0;
		};
/* End PBXSourcesBuildPhase section */

/* Begin PBXVariantGroup section */
		FAEB879E1CBC1282006BA36F /* Main.storyboard */ = {
			isa = PBXVariantGroup;
			children = (
				FAEB879F1CBC1282006BA36F /* Base */,
			);
			name = Main.storyboard;
			sourceTree = "<group>";
		};
		FAEB87A31CBC1282006BA36F /* LaunchScreen.storyboard */ = {
			isa = PBXVariantGroup;
			children = (
				FAEB87A41CBC1282006BA36F /* Base */,
			);
			name = LaunchScreen.storyboard;
			sourceTree = "<group>";
		};
/* End PBXVariantGroup section */

/* Begin XCBuildConfiguration section */
		FAEB87A71CBC1282006BA36F /* Debug */ = {
			isa = XCBuildConfiguration;
			buildSettings = {
				ALWAYS_SEARCH_USER_PATHS = NO;
				CLANG_CXX_LANGUAGE_STANDARD = "gnu++0x";
				CLANG_CXX_LIBRARY = "libc++";
				CLANG_ENABLE_MODULES = YES;
				CLANG_ENABLE_OBJC_ARC = YES;
				CLANG_WARN_BOOL_CONVERSION = YES;
				CLANG_WARN_CONSTANT_CONVERSION = YES;
				CLANG_WARN_DIRECT_OBJC_ISA_USAGE = YES_ERROR;
				CLANG_WARN_EMPTY_BODY = YES;
				CLANG_WARN_ENUM_CONVERSION = YES;
				CLANG_WARN_INT_CONVERSION = YES;
				CLANG_WARN_OBJC_ROOT_CLASS = YES_ERROR;
				CLANG_WARN_UNREACHABLE_CODE = YES;
				CLANG_WARN__DUPLICATE_METHOD_MATCH = YES;
				"CODE_SIGN_IDENTITY[sdk=iphoneos*]" = "iPhone Developer";
				COPY_PHASE_STRIP = NO;
				DEBUG_INFORMATION_FORMAT = dwarf;
				ENABLE_STRICT_OBJC_MSGSEND = YES;
				ENABLE_TESTABILITY = YES;
				GCC_C_LANGUAGE_STANDARD = gnu99;
				GCC_DYNAMIC_NO_PIC = NO;
				GCC_NO_COMMON_BLOCKS = YES;
				GCC_OPTIMIZATION_LEVEL = 0;
				GCC_PREPROCESSOR_DEFINITIONS = (
					"DEBUG=1",
					"$(inherited)",
				);
				GCC_WARN_64_TO_32_BIT_CONVERSION = YES;
				GCC_WARN_ABOUT_RETURN_TYPE = YES_ERROR;
				GCC_WARN_UNDECLARED_SELECTOR = YES;
				GCC_WARN_UNINITIALIZED_AUTOS = YES_AGGRESSIVE;
				GCC_WARN_UNUSED_FUNCTION = YES;
				GCC_WARN_UNUSED_VARIABLE = YES;
				IPHONEOS_DEPLOYMENT_TARGET = 9.1;
				MTL_ENABLE_DEBUG_INFO = YES;
				ONLY_ACTIVE_ARCH = YES;
				SDKROOT = iphoneos;
				SWIFT_OPTIMIZATION_LEVEL = "-Onone";
			};
			name = Debug;
		};
		FAEB87A81CBC1282006BA36F /* Release */ = {
			isa = XCBuildConfiguration;
			buildSettings = {
				ALWAYS_SEARCH_USER_PATHS = NO;
				CLANG_CXX_LANGUAGE_STANDARD = "gnu++0x";
				CLANG_CXX_LIBRARY = "libc++";
				CLANG_ENABLE_MODULES = YES;
				CLANG_ENABLE_OBJC_ARC = YES;
				CLANG_WARN_BOOL_CONVERSION = YES;
				CLANG_WARN_CONSTANT_CONVERSION = YES;
				CLANG_WARN_DIRECT_OBJC_ISA_USAGE = YES_ERROR;
				CLANG_WARN_EMPTY_BODY = YES;
				CLANG_WARN_ENUM_CONVERSION = YES;
				CLANG_WARN_INT_CONVERSION = YES;
				CLANG_WARN_OBJC_ROOT_CLASS = YES_ERROR;
				CLANG_WARN_UNREACHABLE_CODE = YES;
				CLANG_WARN__DUPLICATE_METHOD_MATCH = YES;
				"CODE_SIGN_IDENTITY[sdk=iphoneos*]" = "iPhone Developer";
				COPY_PHASE_STRIP = NO;
				DEBUG_INFORMATION_FORMAT = "dwarf-with-dsym";
				ENABLE_NS_ASSERTIONS = NO;
				ENABLE_STRICT_OBJC_MSGSEND = YES;
				GCC_C_LANGUAGE_STANDARD = gnu99;
				GCC_NO_COMMON_BLOCKS = YES;
				GCC_WARN_64_TO_32_BIT_CONVERSION = YES;
				GCC_WARN_ABOUT_RETURN_TYPE = YES_ERROR;
				GCC_WARN_UNDECLARED_SELECTOR = YES;
				GCC_WARN_UNINITIALIZED_AUTOS = YES_AGGRESSIVE;
				GCC_WARN_UNUSED_FUNCTION = YES;
				GCC_WARN_UNUSED_VARIABLE = YES;
				IPHONEOS_DEPLOYMENT_TARGET = 9.1;
				MTL_ENABLE_DEBUG_INFO = NO;
				SDKROOT = iphoneos;
				VALIDATE_PRODUCT = YES;
			};
			name = Release;
		};
		FAEB87AA1CBC1282006BA36F /* Debug */ = {
			isa = XCBuildConfiguration;
			buildSettings = {
				ASSETCATALOG_COMPILER_APPICON_NAME = AppIcon;
				FRAMEWORK_SEARCH_PATHS = (
					"$(inherited)",
					"$(PROJECT_DIR)/Homeowner",
				);
				INFOPLIST_FILE = Homeowner/Info.plist;
				LD_RUNPATH_SEARCH_PATHS = "$(inherited) @executable_path/Frameworks";
				PRODUCT_BUNDLE_IDENTIFIER = org.shp.Homeowner;
				PRODUCT_NAME = "$(TARGET_NAME)";
			};
			name = Debug;
		};
		FAEB87AB1CBC1282006BA36F /* Release */ = {
			isa = XCBuildConfiguration;
			buildSettings = {
				ASSETCATALOG_COMPILER_APPICON_NAME = AppIcon;
				FRAMEWORK_SEARCH_PATHS = (
					"$(inherited)",
					"$(PROJECT_DIR)/Homeowner",
				);
				INFOPLIST_FILE = Homeowner/Info.plist;
				LD_RUNPATH_SEARCH_PATHS = "$(inherited) @executable_path/Frameworks";
				PRODUCT_BUNDLE_IDENTIFIER = org.shp.Homeowner;
				PRODUCT_NAME = "$(TARGET_NAME)";
			};
			name = Release;
		};
/* End XCBuildConfiguration section */

/* Begin XCConfigurationList section */
		FAEB87921CBC1282006BA36F /* Build configuration list for PBXProject "Homeowner" */ = {
			isa = XCConfigurationList;
			buildConfigurations = (
				FAEB87A71CBC1282006BA36F /* Debug */,
				FAEB87A81CBC1282006BA36F /* Release */,
			);
			defaultConfigurationIsVisible = 0;
			defaultConfigurationName = Release;
		};
		FAEB87A91CBC1282006BA36F /* Build configuration list for PBXNativeTarget "Homeowner" */ = {
			isa = XCConfigurationList;
			buildConfigurations = (
				FAEB87AA1CBC1282006BA36F /* Debug */,
				FAEB87AB1CBC1282006BA36F /* Release */,
			);
			defaultConfigurationIsVisible = 0;
			defaultConfigurationName = Release;
		};
/* End XCConfigurationList section */
	};
	rootObject = FAEB878F1CBC1282006BA36F /* Project object */;
}
